// !$*UTF8*$!
{
	archiveVersion = 1;
	classes = {
	};
	objectVersion = 55;
	objects = {

/* Begin PBXFileReference section */
		51BD033D2714273E00A9C41C /* Alien-Ascion.playground */ = {isa = PBXFileReference; lastKnownFileType = file.playground; path = "Alien-Ascion.playground"; sourceTree = "<group>"; xcLanguageSpecificationIdentifier = xcode.lang.swift; };
/* End PBXFileReference section */

/* Begin PBXGroup section */
		51BD0336271426A500A9C41C = {
			isa = PBXGroup;
			children = (
				51BD033D2714273E00A9C41C /* Alien-Ascion.playground */,
			);
			sourceTree = "<group>";
		};
/* End PBXGroup section */

/* Begin PBXProject section */
		51BD0337271426A500A9C41C /* Project object */ = {
			isa = PBXProject;
			attributes = {
				BuildIndependentTargetsInParallel = 1;
				LastUpgradeCheck = 1300;
			};
			buildConfigurationList = 51BD033A271426A500A9C41C /* Build configuration list for PBXProject "Alien-Ascion" */;
			compatibilityVersion = "Xcode 13.0";
			developmentRegion = en;
			hasScannedForEncodings = 0;
			knownRegions = (
				en,
				Base,
			);
			mainGroup = 51BD0336271426A500A9C41C;
			projectDirPath = "";
			projectRoot = "";
			targets = (
			);
		};
/* End PBXProject section */

/* Begin XCBuildConfiguration section */
		51BD033B271426A500A9C41C /* Debug */ = {
			isa = XCBuildConfiguration;
			buildSettings = {
			};
			name = Debug;
		};
		51BD033C271426A500A9C41C /* Release */ = {
			isa = XCBuildConfiguration;
			buildSettings = {
			};
			name = Release;
		};
/* End XCBuildConfiguration section */

/* Begin XCConfigurationList section */
		51BD033A271426A500A9C41C /* Build configuration list for PBXProject "Alien-Ascion" */ = {
			isa = XCConfigurationList;
			buildConfigurations = (
				51BD033B271426A500A9C41C /* Debug */,
				51BD033C271426A500A9C41C /* Release */,
			);
			defaultConfigurationIsVisible = 0;
			defaultConfigurationName = Release;
		};
/* End XCConfigurationList section */
	};
	rootObject = 51BD0337271426A500A9C41C /* Project object */;
}
